github.com/jacobtread/gelv v0.0.0-20220307232334-48f0a7f0ab40 h1:wzCpord100Rf2Yvh0PEt+piu4QdLzchvt8gkanKF1ds=
github.com/jacobtread/gelv v0.0.0-20220307232334-48f0a7f0ab40/go.mod h1:PXUtGnGJeiZrHPAnHdxzPDGSopokLNf6awo6DJkRlIU=
golang.org/x/sys v0.39.0 h1:CvCKL8MeisomCi6qNZ+wbb0DN9E5AATixKsvNtMoMFk=
golang.org/x/sys v0.39.0/go.mod h1:OgkHotnGiDImocRcuBABYBEXf8A9a87e/uXjp9XT3ks=
